
Microsoft Visual Studio Solution File, Format Version 12.00
# Visual Studio 2013
VisualStudioVersion = 12.0.31101.0
MinimumVisualStudioVersion = 10.0.40219.1
Project("{FAE04EC0-301F-11D3-BF4B-00C04F79EFBC}") = "Kursovaya_Rabota_4.ODataBackend", "ODataBackend/Kursovaya_Rabota_4.ODataBackend.csproj", "{0C254248-C392-4B56-8A17-98B7AF7B63FE}"
EndProject
Project("{FAE04EC0-301F-11D3-BF4B-00C04F79EFBC}") = "Kursovaya_Rabota_4.Objects", "Objects/Kursovaya_Rabota_4.Objects.csproj", "{B204956A-F5A7-4464-8254-FB224737C516}"
EndProject
Global
	GlobalSection(SolutionConfigurationPlatforms) = preSolution
Debug|Any CPU = Debug|Any CPU
Release|Any CPU = Release|Any CPU
	EndGlobalSection
	GlobalSection(ProjectConfigurationPlatforms) = postSolution
		{0C254248-C392-4B56-8A17-98B7AF7B63FE}.Debug|Any CPU.ActiveCfg = Debug|Any CPU
		{0C254248-C392-4B56-8A17-98B7AF7B63FE}.Debug|Any CPU.Build.0 = Debug|Any CPU
		{0C254248-C392-4B56-8A17-98B7AF7B63FE}.Release|Any CPU.ActiveCfg = Release|Any CPU
		{0C254248-C392-4B56-8A17-98B7AF7B63FE}.Release|Any CPU.Build.0 = Release|Any CPU
		{B204956A-F5A7-4464-8254-FB224737C516}.Debug|Any CPU.ActiveCfg = Debug|Any CPU
		{B204956A-F5A7-4464-8254-FB224737C516}.Debug|Any CPU.Build.0 = Debug|Any CPU
		{B204956A-F5A7-4464-8254-FB224737C516}.Release|Any CPU.ActiveCfg = Release|Any CPU
		{B204956A-F5A7-4464-8254-FB224737C516}.Release|Any CPU.Build.0 = Release|Any CPU
	EndGlobalSection
	GlobalSection(SolutionProperties) = preSolution
		HideSolutionNode = FALSE
	EndGlobalSection
EndGlobal
